
Microsoft Visual Studio Solution File, Format Version 12.00
# Visual Studio Version 17
VisualStudioVersion = 17.3.32929.385
MinimumVisualStudioVersion = 10.0.40219.1
Project("{FAE04EC0-301F-11D3-BF4B-00C04F79EFBC}") = "ConsoleApp1", "ConsoleApp1\ConsoleApp1.csproj", "{E034B633-1D74-4D2B-8CE8-EB3A5829CE98}"
EndProject
Global
	GlobalSection(SolutionConfigurationPlatforms) = preSolution
		Debug|Any CPU = Debug|Any CPU
		Release|Any CPU = Release|Any CPU
	EndGlobalSection
	GlobalSection(ProjectConfigurationPlatforms) = postSolution
		{E034B633-1D74-4D2B-8CE8-EB3A5829CE98}.Debug|Any CPU.ActiveCfg = Debug|Any CPU
		{E034B633-1D74-4D2B-8CE8-EB3A5829CE98}.Debug|Any CPU.Build.0 = Debug|Any CPU
		{E034B633-1D74-4D2B-8CE8-EB3A5829CE98}.Release|Any CPU.ActiveCfg = Release|Any CPU
		{E034B633-1D74-4D2B-8CE8-EB3A5829CE98}.Release|Any CPU.Build.0 = Release|Any CPU
	EndGlobalSection
	GlobalSection(SolutionProperties) = preSolution
		HideSolutionNode = FALSE
	EndGlobalSection
	GlobalSection(ExtensibilityGlobals) = postSolution
		SolutionGuid = {FC434820-DF5E-4D8B-A1C0-ADB9D82C4344}
	EndGlobalSection
EndGlobal
